
Microsoft Visual Studio Solution File, Format Version 12.00
# Visual Studio Version 16
VisualStudioVersion = 16.0.30523.141
MinimumVisualStudioVersion = 10.0.40219.1
Project("{FAE04EC0-301F-11D3-BF4B-00C04F79EFBC}") = "DisputenPWA.API", "DisputenWebsite.API\DisputenPWA.API.csproj", "{9C1B3867-F4C1-4D0E-9224-48D58A75C1E5}"
EndProject
Project("{FAE04EC0-301F-11D3-BF4B-00C04F79EFBC}") = "DisputenPWA.Domain", "DisputenWebsite.Domain\DisputenPWA.Domain.csproj", "{FD7F628A-6A17-4DA0-84B9-73CF59142EFC}"
EndProject
Project("{FAE04EC0-301F-11D3-BF4B-00C04F79EFBC}") = "DisputenPWA.Infrastructure", "DisputenWebsite.Infrastructure\DisputenPWA.Infrastructure.csproj", "{48A1C448-99A4-437E-94CE-4248B7CD27E3}"
EndProject
Project("{FAE04EC0-301F-11D3-BF4B-00C04F79EFBC}") = "DisputenPWA.Application", "DisputenWebsite.Application\DisputenPWA.Application.csproj", "{67AD204C-9D26-4209-9659-A1BC7BF10355}"
EndProject
Global
	GlobalSection(SolutionConfigurationPlatforms) = preSolution
		Debug|Any CPU = Debug|Any CPU
		Release|Any CPU = Release|Any CPU
	EndGlobalSection
	GlobalSection(ProjectConfigurationPlatforms) = postSolution
		{9C1B3867-F4C1-4D0E-9224-48D58A75C1E5}.Debug|Any CPU.ActiveCfg = Debug|Any CPU
		{9C1B3867-F4C1-4D0E-9224-48D58A75C1E5}.Debug|Any CPU.Build.0 = Debug|Any CPU
		{9C1B3867-F4C1-4D0E-9224-48D58A75C1E5}.Release|Any CPU.ActiveCfg = Release|Any CPU
		{9C1B3867-F4C1-4D0E-9224-48D58A75C1E5}.Release|Any CPU.Build.0 = Release|Any CPU
		{FD7F628A-6A17-4DA0-84B9-73CF59142EFC}.Debug|Any CPU.ActiveCfg = Debug|Any CPU
		{FD7F628A-6A17-4DA0-84B9-73CF59142EFC}.Debug|Any CPU.Build.0 = Debug|Any CPU
		{FD7F628A-6A17-4DA0-84B9-73CF59142EFC}.Release|Any CPU.ActiveCfg = Release|Any CPU
		{FD7F628A-6A17-4DA0-84B9-73CF59142EFC}.Release|Any CPU.Build.0 = Release|Any CPU
		{48A1C448-99A4-437E-94CE-4248B7CD27E3}.Debug|Any CPU.ActiveCfg = Debug|Any CPU
		{48A1C448-99A4-437E-94CE-4248B7CD27E3}.Debug|Any CPU.Build.0 = Debug|Any CPU
		{48A1C448-99A4-437E-94CE-4248B7CD27E3}.Release|Any CPU.ActiveCfg = Release|Any CPU
		{48A1C448-99A4-437E-94CE-4248B7CD27E3}.Release|Any CPU.Build.0 = Release|Any CPU
		{67AD204C-9D26-4209-9659-A1BC7BF10355}.Debug|Any CPU.ActiveCfg = Debug|Any CPU
		{67AD204C-9D26-4209-9659-A1BC7BF10355}.Debug|Any CPU.Build.0 = Debug|Any CPU
		{67AD204C-9D26-4209-9659-A1BC7BF10355}.Release|Any CPU.ActiveCfg = Release|Any CPU
		{67AD204C-9D26-4209-9659-A1BC7BF10355}.Release|Any CPU.Build.0 = Release|Any CPU
	EndGlobalSection
	GlobalSection(SolutionProperties) = preSolution
		HideSolutionNode = FALSE
	EndGlobalSection
	GlobalSection(ExtensibilityGlobals) = postSolution
		SolutionGuid = {C3E96D22-7310-45EA-A98B-2D44E0E50A82}
	EndGlobalSection
EndGlobal
